# This file is generated by running "yarn install" inside your project.
# Manual changes might be lost - proceed with caution!

__metadata:
  version: 4
  cacheKey: 7

"@apollo/protobufjs@npm:1.2.2":
  version: 1.2.2
  resolution: "@apollo/protobufjs@npm:1.2.2"
  dependencies:
    "@protobufjs/aspromise": ^1.1.2
    "@protobufjs/base64": ^1.1.2
    "@protobufjs/codegen": ^2.0.4
    "@protobufjs/eventemitter": ^1.1.0
    "@protobufjs/fetch": ^1.1.0
    "@protobufjs/float": ^1.0.2
    "@protobufjs/inquire": ^1.1.0
    "@protobufjs/path": ^1.1.2
    "@protobufjs/pool": ^1.1.0
    "@protobufjs/utf8": ^1.1.0
    "@types/long": ^4.0.0
    "@types/node": ^10.1.0
    long: ^4.0.0
  bin:
    apollo-pbjs: bin/pbjs
    apollo-pbts: bin/pbts
  checksum: 75940f213d39728f2fdd662732eb6c085fb393bea01ccb58c5084a18559d1d7342bac3ebb44f93c9e86b8237c675ae81a04427866d156f93b16b691d020bfd44
  languageName: node
  linkType: hard

"@apollographql/apollo-tools@npm:^0.5.0":
  version: 0.5.1
  resolution: "@apollographql/apollo-tools@npm:0.5.1"
  checksum: f06b922b829167298ccfedd60bf9a918c537ceb83299a27d9e3369fe6009638cf58f3ed16ca3d88c94ec5b6e20867820c07f464d5666516d8d32a96fb82685c4
  languageName: node
  linkType: hard

"@apollographql/graphql-playground-html@npm:1.6.27":
  version: 1.6.27
  resolution: "@apollographql/graphql-playground-html@npm:1.6.27"
  dependencies:
    xss: ^1.0.8
  checksum: 80a63817770dcea1a104aecf71305bbb8adbce23d4c67e74bc2c7f69a43cfef02bab339c4d2399f217984bc38a3b8a1150593ba32e7a57c239a2c41feb8f673d
  languageName: node
  linkType: hard

"@apollographql/graphql-upload-8-fork@npm:^8.1.3":
  version: 8.1.3
  resolution: "@apollographql/graphql-upload-8-fork@npm:8.1.3"
  dependencies:
    "@types/express": "*"
    "@types/fs-capacitor": "*"
    "@types/koa": "*"
    busboy: ^0.3.1
    fs-capacitor: ^2.0.4
    http-errors: ^1.7.3
    object-path: ^0.11.4
  peerDependencies:
    graphql: 0.13.1 - 15
  checksum: ca7c557586307e5446414ef19ff39a1c0bdb25d9ed830fcd4ca959c9da76bf498fefc175e6767394700e7165c20b4551eea1a4ec66e99fae81907d6e4910bbc9
  languageName: node
  linkType: hard

"@josephg/resolvable@npm:^1.0.0":
  version: 1.0.1
  resolution: "@josephg/resolvable@npm:1.0.1"
  checksum: 818cd2243ea863c7565201c42945f6ddfe8be0a00be56bf0a359d36cf967a9502ea70a7dbd7ac9b8bd31a84bc7b05929e4c0a7518aed2566d67b4d97008b1eab
  languageName: node
  linkType: hard

"@protobufjs/aspromise@npm:^1.1.1, @protobufjs/aspromise@npm:^1.1.2":
  version: 1.1.2
  resolution: "@protobufjs/aspromise@npm:1.1.2"
  checksum: 83ced0798abea0c30ed07dc6338605ddfd8dc7b8b15d84586d155980f90476a8f049e7695d7de79d35dcada29a01710d24d0aa2104e8466412c0cbc6c14d9173
  languageName: node
  linkType: hard

"@protobufjs/base64@npm:^1.1.2":
  version: 1.1.2
  resolution: "@protobufjs/base64@npm:1.1.2"
  checksum: ae9e84aaf69f5e6aedfb346153c236e6f6ca0e97612c680251fc3e48e6c60746ed553062ea97fdde9f0592fb085e467b9de377a848a224d990a4f0a5e7212fa4
  languageName: node
  linkType: hard

"@protobufjs/codegen@npm:^2.0.4":
  version: 2.0.4
  resolution: "@protobufjs/codegen@npm:2.0.4"
  checksum: a05d5f8892eeb7696c73f7585a9c3a89eea293b37a582cd1a5d650908393287b0ca068dc55e7bbecd3ec146b2f61afaff2f61e3cb488ea67b900114247b1b717
  languageName: node
  linkType: hard

"@protobufjs/eventemitter@npm:^1.1.0":
  version: 1.1.0
  resolution: "@protobufjs/eventemitter@npm:1.1.0"
  checksum: 32a84e33f191a3ddc0ca4f8975484c0afaf10c2b27e0cb2008dabe267791420447c25d77b1409595aa6be660a908ada306d40cccb675aee7912c4bc82a9f512e
  languageName: node
  linkType: hard

"@protobufjs/fetch@npm:^1.1.0":
  version: 1.1.0
  resolution: "@protobufjs/fetch@npm:1.1.0"
  dependencies:
    "@protobufjs/aspromise": ^1.1.1
    "@protobufjs/inquire": ^1.1.0
  checksum: d682e5d8a164d096d71b05866eb0852d4e1fc024900e3af96a57d9f6396402b96d81b7bd77cda6b983ebcbfd715ec12dd1c1582760b7658a9438c530f5f6f4db
  languageName: node
  linkType: hard

"@protobufjs/float@npm:^1.0.2":
  version: 1.0.2
  resolution: "@protobufjs/float@npm:1.0.2"
  checksum: eee7278de2c4550fac7ec156cba3d4227226a08470426cba6eb04671be9aea035bdf79b7839fdad624171451a4d66e1cdf01e4980e57223ba4f1e34ccd187563
  languageName: node
  linkType: hard

"@protobufjs/inquire@npm:^1.1.0":
  version: 1.1.0
  resolution: "@protobufjs/inquire@npm:1.1.0"
  checksum: 3541518cca945c2a95e2dcacacdc243fd64abc4cc51c2b691bd0534bd8a1b945c90368f57ba3fed1d6632e1e68d6dac6a7761738f89ccf60bb352b6624c8aacb
  languageName: node
  linkType: hard

"@protobufjs/path@npm:^1.1.2":
  version: 1.1.2
  resolution: "@protobufjs/path@npm:1.1.2"
  checksum: 22f10c5c22e5b3f7bb3e7f0af15bafa1fe42bad3705f27448464c6221d956d10c6c9dad96a48650ec5acba7b072a64ab94da52e21f00e6cd9612da761f02b845
  languageName: node
  linkType: hard

"@protobufjs/pool@npm:^1.1.0":
  version: 1.1.0
  resolution: "@protobufjs/pool@npm:1.1.0"
  checksum: 5fc4af9e069b58cc39cfd6fded3bfe3de7113d35c1bc3458bfc6699fa42e90c2c6d96b5ae7c274470f272135122a9ab94c708eacfd81e1b0a593917841b07ec4
  languageName: node
  linkType: hard

"@protobufjs/utf8@npm:^1.1.0":
  version: 1.1.0
  resolution: "@protobufjs/utf8@npm:1.1.0"
  checksum: 5b3fa7425fe2852f6e5643d9a53c6cfb4491630667176c0fc35ddb7a71101559241bafb6b80486144ed75da3d3624095d037c802b578dbdb4cce131cf1bcb7cf
  languageName: node
  linkType: hard

"@types/accepts@npm:*":
  version: 1.3.5
  resolution: "@types/accepts@npm:1.3.5"
  dependencies:
    "@types/node": "*"
  checksum: 78a31c01d948c405a1a6a89061f0acd5a89df40de445c36382538985a3d00a236ba1cc5099bd812118525c2f29bb61d4869cd775ba63dd3e160113b5fa203915
  languageName: node
  linkType: hard

"@types/body-parser@npm:*":
  version: 1.19.0
  resolution: "@types/body-parser@npm:1.19.0"
  dependencies:
    "@types/connect": "*"
    "@types/node": "*"
  checksum: 4576f3fde5980c1219cadbc7c523bdb1cefc3713300e18bf47ff37bb9b8176342a1dc7519008311fd8fc11413cf188a83931b9b59051aa1c2f095c1e10459369
  languageName: node
  linkType: hard

"@types/connect@npm:*":
  version: 3.4.34
  resolution: "@types/connect@npm:3.4.34"
  dependencies:
    "@types/node": "*"
  checksum: 6f712a0408ed119a42037bcbc38c12e053d3ffe11337221a3966c9e29a21c8455e331fe2116c426361c0b2c0e44cb3fb1f83594326e42ba34ce4723d726b7d30
  languageName: node
  linkType: hard

"@types/content-disposition@npm:*":
  version: 0.5.3
  resolution: "@types/content-disposition@npm:0.5.3"
  checksum: 1b7d94b19ae8564816233b74df5f662052d393d0fdb317c81d894f5e1e762010c46b1812ce01a1492a72603e182afd18a59673e25ae737efc3e470ba261697d7
  languageName: node
  linkType: hard

"@types/cookies@npm:*":
  version: 0.7.6
  resolution: "@types/cookies@npm:0.7.6"
  dependencies:
    "@types/connect": "*"
    "@types/express": "*"
    "@types/keygrip": "*"
    "@types/node": "*"
  checksum: c15012d2cd76aebb032998b0fcfb26dec1da65ecb2241daf1269f54b198293e4f71bf412cc1868213b0d9c98c0f532d9e8bc1e145cf0a0aa171dab708c41e959
  languageName: node
  linkType: hard

"@types/express-serve-static-core@npm:^4.17.18":
  version: 4.17.21
  resolution: "@types/express-serve-static-core@npm:4.17.21"
  dependencies:
    "@types/node": "*"
    "@types/qs": "*"
    "@types/range-parser": "*"
  checksum: 437165cc123eacb36c7602e8df738d053c2fe4d67957e2b3758bd0b7426cd0439201b411b59dc85abc74456870011b0d91abb2f7bf8e35d8b643ecbdc5d91dfd
  languageName: node
  linkType: hard

"@types/express@npm:*":
  version: 4.17.12
  resolution: "@types/express@npm:4.17.12"
  dependencies:
    "@types/body-parser": "*"
    "@types/express-serve-static-core": ^4.17.18
    "@types/qs": "*"
    "@types/serve-static": "*"
  checksum: b1ab50e0373095283f5a58c8c1aa7e206182d241d24279e24d754819ae39959b35996d34633b1e4b3a9d3817559abad00ec33c94b96da945a9c3d1546f3e4f70
  languageName: node
  linkType: hard

"@types/fs-capacitor@npm:*":
  version: 2.0.0
  resolution: "@types/fs-capacitor@npm:2.0.0"
  dependencies:
    "@types/node": "*"
  checksum: 2fed98a117ded3af250ae87193c716f41ac8e688eeacb73107688113d15d6bf8ad384c2319e7b430a8c1444197a34c274fed7ff75dab0de49844e841a629c0b0
  languageName: node
  linkType: hard

"@types/http-assert@npm:*":
  version: 1.5.1
  resolution: "@types/http-assert@npm:1.5.1"
  checksum: 0c9cbc568be88c60870d96953880c9b2c1d7c290df928a4004693debb715b8ad1b3e8a2f4b13b84e22b41379d20d9255e960532cf613a28126e8a433ddabac01
  languageName: node
  linkType: hard

"@types/http-errors@npm:*":
  version: 1.8.0
  resolution: "@types/http-errors@npm:1.8.0"
  checksum: f6a0cf40d026b339f3358771d1a98bce7e637429882255246ccf4056cf0f2df7aaf2997ba3072e13df8688f0cd2f9f99ac4d84bed4665710793de35642b4cdad
  languageName: node
  linkType: hard

"@types/keygrip@npm:*":
  version: 1.0.2
  resolution: "@types/keygrip@npm:1.0.2"
  checksum: 8d86a3d702146ae7012571f1783bdc1228cc42ec89472b7ed14c2a46b12b1fa7423e9ecfbe1167bdbc4f26bdc95ee4b3b757a9df29202f98333cddc379b46f6d
  languageName: node
  linkType: hard

"@types/koa-compose@npm:*":
  version: 3.2.5
  resolution: "@types/koa-compose@npm:3.2.5"
  dependencies:
    "@types/koa": "*"
  checksum: bb6cae03095752d2f351e650ec4f5631c4512aec85bf5f7bab210a91a04714fbe0e75edac120cb56aff2cee5c6549bd6bf7a0ccc35f3adc0aa41d463b0a1f310
  languageName: node
  linkType: hard

"@types/koa@npm:*":
  version: 2.13.3
  resolution: "@types/koa@npm:2.13.3"
  dependencies:
    "@types/accepts": "*"
    "@types/content-disposition": "*"
    "@types/cookies": "*"
    "@types/http-assert": "*"
    "@types/http-errors": "*"
    "@types/keygrip": "*"
    "@types/koa-compose": "*"
    "@types/node": "*"
  checksum: 0ad6026adefd1dbdec014d1618c153722b5d585ef346ec09cb54f745c38ad6cb9a49b5a4f2d850d549d7c28f2122a05d0ab4d6eb58781d03903cd46a24f21b31
  languageName: node
  linkType: hard

"@types/long@npm:^4.0.0":
  version: 4.0.1
  resolution: "@types/long@npm:4.0.1"
  checksum: ed2a125330dbf2b425b2e58b1e1151a37106ceeec973f9f191fba0bda83ed00fae6d858254022e8b6e7165fec5f0c3872b7cb5f425c753383fed54699fb63b38
  languageName: node
  linkType: hard

"@types/mime@npm:^1":
  version: 1.3.2
  resolution: "@types/mime@npm:1.3.2"
  checksum: c354bc135628c2f4ab64801ca3867c3acbd4050611579c4c9f5bdfecfb70db71bb8540bf8611b4319f5ef44139c5f7c5af81254369add5ed59e7e02ce929b96f
  languageName: node
  linkType: hard

"@types/node@npm:*":
  version: 15.12.4
  resolution: "@types/node@npm:15.12.4"
  checksum: 64b121a7e805379382aeb3eefed56c4c34f1ebf5e818ba2c732e43beebc4fbde20be438f3eaaffd8dba5062f0e0c9ae085127b7239906d170eda816885a6c508
  languageName: node
  linkType: hard

"@types/node@npm:^10.1.0":
  version: 10.17.60
  resolution: "@types/node@npm:10.17.60"
  checksum: af7e0b300da2b917555563d9bf770d1d07d9aa1930ec639336d5ba0a32e801e04f0291a658d0d0d77ce9f5df377c3018bf9de6416cee956bddd59de0e1b93d0f
  languageName: node
  linkType: hard

"@types/qs@npm:*":
  version: 6.9.6
  resolution: "@types/qs@npm:6.9.6"
  checksum: a5f3c4f6ad6de2692e710302f5f82fe8db3ec0de1a75ada02a432f75f64025a6e38d28fcc4ed146d3145017e1312cc5cb3d81a0f41a798ec0463b5f47f017963
  languageName: node
  linkType: hard

"@types/range-parser@npm:*":
  version: 1.2.3
  resolution: "@types/range-parser@npm:1.2.3"
  checksum: 092fabae0ecbd728d3e4debc938cd043e97cb9f210cfec1c56ff6065c6e91666f376eb586591825d6757a058fd1a1dc4831d34e04ecfbb0800f35b8d86d38635
  languageName: node
  linkType: hard

"@types/serve-static@npm:*":
  version: 1.13.9
  resolution: "@types/serve-static@npm:1.13.9"
  dependencies:
    "@types/mime": ^1
    "@types/node": "*"
  checksum: f261127514057b5c038d76259128d7b765dd92bfeaf769d05b8ddf5f254d066ce6142a935e2fc707bb3009d6544a979591852f0d135d0ed4d0c56db08738df6b
  languageName: node
  linkType: hard

"@types/ws@npm:7.4.4, @types/ws@npm:^7.0.0":
  version: 7.4.4
  resolution: "@types/ws@npm:7.4.4"
  dependencies:
    "@types/node": "*"
  checksum: 6a02b3164250813510c5e73998a2bbca1fb98dc23428d70c2c6d664dfbac3fde32cd8d4eb34c335a0221f49a6f02d71b09645b236b01de1aea85f80352f67e1f
  languageName: node
  linkType: hard

"@wry/equality@npm:^0.1.2":
  version: 0.1.11
  resolution: "@wry/equality@npm:0.1.11"
  dependencies:
    tslib: ^1.9.3
  checksum: 3d1da5799967fc272ae53f698514c169c85a04c11c1db3e4641a21edc82af75bfb4db9221c4f87aa333f14c7b43b72311fa66dae1ae981fa6f24c2bc5863d92b
  languageName: node
  linkType: hard

"apollo-cache-control@npm:^0.14.0":
  version: 0.14.0
  resolution: "apollo-cache-control@npm:0.14.0"
  dependencies:
    apollo-server-env: ^3.1.0
    apollo-server-plugin-base: ^0.13.0
  peerDependencies:
    graphql: ^0.12.0 || ^0.13.0 || ^14.0.0 || ^15.0.0
  checksum: 58e88b44b2bf97f07ba75b7952f65d8c0e9e4836fabc2ea92e797bcede581b8f4c2a6d07ac8d5ae696a2b06ee9b1041f5b16c66ec3db2d3c680a91ef81ee6f5b
  languageName: node
  linkType: hard

"apollo-datasource@npm:^0.9.0":
  version: 0.9.0
  resolution: "apollo-datasource@npm:0.9.0"
  dependencies:
    apollo-server-caching: ^0.7.0
    apollo-server-env: ^3.1.0
  checksum: 420b5b258101c310b54de73f3f7baf5da56180e23b08d7c65ee5127a44b8d9303f1eca94ce2c6c2328aead64130621909a294d5cd5e59e2f21ef18c610379c15
  languageName: node
  linkType: hard

"apollo-graphql@npm:^0.9.0":
  version: 0.9.3
  resolution: "apollo-graphql@npm:0.9.3"
  dependencies:
    core-js-pure: ^3.10.2
    lodash.sortby: ^4.7.0
    sha.js: ^2.4.11
  peerDependencies:
    graphql: ^14.2.1 || ^15.0.0
  checksum: 0da8498289a5a6f7b586d7a4336ec2219069c0136b70b3480079ac6cb357a94a53a1e6a411f0a18e1752f6644d5935e3627e67be9b88da5eb7d1731d8513e783
  languageName: node
  linkType: hard

"apollo-link@npm:^1.2.14":
  version: 1.2.14
  resolution: "apollo-link@npm:1.2.14"
  dependencies:
    apollo-utilities: ^1.3.0
    ts-invariant: ^0.4.0
    tslib: ^1.9.3
    zen-observable-ts: ^0.8.21
  peerDependencies:
    graphql: ^0.11.3 || ^0.12.3 || ^0.13.0 || ^14.0.0 || ^15.0.0
  checksum: 5cc96cd6df7280ad88f41532c32340972ca755b69f6a2f26f8faf04682c387a13d49dc31663674cac14e01f08828333d5deeefe54e667d1ad9ddc8375a216964
  languageName: node
  linkType: hard

"apollo-reporting-protobuf@npm:^0.8.0":
  version: 0.8.0
  resolution: "apollo-reporting-protobuf@npm:0.8.0"
  dependencies:
    "@apollo/protobufjs": 1.2.2
  checksum: 8e0076257f5f36acdd53be8f7e0e8a079190c4082757d163fd86bff305d5b2cabddba62f66e6f76e0ac7ed507f8d016d960748a107aa922eedbca67702977735
  languageName: node
  linkType: hard

"apollo-server-caching@npm:^0.7.0":
  version: 0.7.0
  resolution: "apollo-server-caching@npm:0.7.0"
  dependencies:
    lru-cache: ^6.0.0
  checksum: 33ef29534174d9acbad608361f27c0b016a822a1209fa879327db2c266099b344b476c23fe5fb12ec2d5e12a939fe0a80c3cf126c54266548a06669d906ee680
  languageName: node
  linkType: hard

"apollo-server-core@npm:^2.25.1":
  version: 2.25.1
  resolution: "apollo-server-core@npm:2.25.1"
  dependencies:
    "@apollographql/apollo-tools": ^0.5.0
    "@apollographql/graphql-playground-html": 1.6.27
    "@apollographql/graphql-upload-8-fork": ^8.1.3
    "@josephg/resolvable": ^1.0.0
    "@types/ws": ^7.0.0
    apollo-cache-control: ^0.14.0
    apollo-datasource: ^0.9.0
    apollo-graphql: ^0.9.0
    apollo-reporting-protobuf: ^0.8.0
    apollo-server-caching: ^0.7.0
    apollo-server-env: ^3.1.0
    apollo-server-errors: ^2.5.0
    apollo-server-plugin-base: ^0.13.0
    apollo-server-types: ^0.9.0
    apollo-tracing: ^0.15.0
    async-retry: ^1.2.1
    fast-json-stable-stringify: ^2.0.0
    graphql-extensions: ^0.15.0
    graphql-tag: ^2.11.0
    graphql-tools: ^4.0.8
    loglevel: ^1.6.7
    lru-cache: ^6.0.0
    sha.js: ^2.4.11
    subscriptions-transport-ws: ^0.9.19
    uuid: ^8.0.0
  peerDependencies:
    graphql: ^0.12.0 || ^0.13.0 || ^14.0.0 || ^15.0.0
  checksum: 90a86eb757ea7b30b06d77c23d38db8fb8b7b389699bb1c8c03977b69f86b4f7eff03d0ac4b763aebac7f79c4b46f105efc84ea56c481590da8a95d1a91e49b4
  languageName: node
  linkType: hard

"apollo-server-env@npm:^3.1.0":
  version: 3.1.0
  resolution: "apollo-server-env@npm:3.1.0"
  dependencies:
    node-fetch: ^2.6.1
    util.promisify: ^1.0.0
  checksum: d5ef05cbd94f95d96fa2bb09f32ed8363882ba4be9a3cea9a8c1442dc0069512c38e73da26b2a802a6ab8b03e479e4f4247d25e439a6e10b121e380184d99605
  languageName: node
  linkType: hard

"apollo-server-errors@npm:^2.5.0":
  version: 2.5.0
  resolution: "apollo-server-errors@npm:2.5.0"
  peerDependencies:
    graphql: ^0.12.0 || ^0.13.0 || ^14.0.0 || ^15.0.0
  checksum: 53a46de9808812766a78b79b73dcee69339be511e2c9b964881b881e2c6b18ccf364fb47b3618f4d9af6522321839f1545efd4a3fd03eace13f9cde069a7717f
  languageName: node
  linkType: hard

"apollo-server-plugin-base@npm:^0.13.0":
  version: 0.13.0
  resolution: "apollo-server-plugin-base@npm:0.13.0"
  dependencies:
    apollo-server-types: ^0.9.0
  peerDependencies:
    graphql: ^0.12.0 || ^0.13.0 || ^14.0.0 || ^15.0.0
  checksum: ee8224a0d7aadc799f0a9766002f72f5c373b889eba731c22acf74dfd193378eb9b188b05ec21139384bc3108e9202b71dc9f8057e49f2aad294bb7c46f0e76c
  languageName: node
  linkType: hard

"apollo-server-types@npm:^0.9.0":
  version: 0.9.0
  resolution: "apollo-server-types@npm:0.9.0"
  dependencies:
    apollo-reporting-protobuf: ^0.8.0
    apollo-server-caching: ^0.7.0
    apollo-server-env: ^3.1.0
  peerDependencies:
    graphql: ^0.12.0 || ^0.13.0 || ^14.0.0 || ^15.0.0
  checksum: 1841d91431fa2300064d6e92013c27cf757e16e34dfebe390b19058e844c06e5fc0ee8e5f5d263c2184988a8573816a574b0a0cff08461a337e555e45f685b4e
  languageName: node
  linkType: hard

"apollo-tracing@npm:^0.15.0":
  version: 0.15.0
  resolution: "apollo-tracing@npm:0.15.0"
  dependencies:
    apollo-server-env: ^3.1.0
    apollo-server-plugin-base: ^0.13.0
  peerDependencies:
    graphql: ^0.12.0 || ^0.13.0 || ^14.0.0 || ^15.0.0
  checksum: cedcca7aafa56023a17caf88f22fc696fd09084fd64ab26240673cc1175b5d2c999cf8c658c0504621937111981627ff4a567c9c9237c0f4a617177724b368f5
  languageName: node
  linkType: hard

"apollo-utilities@npm:^1.0.1, apollo-utilities@npm:^1.3.0":
  version: 1.3.4
  resolution: "apollo-utilities@npm:1.3.4"
  dependencies:
    "@wry/equality": ^0.1.2
    fast-json-stable-stringify: ^2.0.0
    ts-invariant: ^0.4.0
    tslib: ^1.10.0
  peerDependencies:
    graphql: ^0.11.0 || ^0.12.0 || ^0.13.0 || ^14.0.0 || ^15.0.0
  checksum: 5a046f8792b124a0fdc8ac37f4c50ba57cd4914dabcd652baaee08de541707c82bf2fb4d814e7d6d35b0b916f1582e5492c16809b43f0a2ce1584d9f89d4cd70
  languageName: node
  linkType: hard

"async-retry@npm:^1.2.1":
  version: 1.3.1
  resolution: "async-retry@npm:1.3.1"
  dependencies:
    retry: 0.12.0
  checksum: 20d5747abf89055b0b5d2a1d33e29d62f1a7539bc4a236035abef2b3c75fa7423e89fc2b0aeee01057bd080076095f8ab570afb337aa24fc6dd6b5860933d3f0
  languageName: node
  linkType: hard

"backo2@npm:^1.0.2":
  version: 1.0.2
  resolution: "backo2@npm:1.0.2"
  checksum: 72f19a0fd2b573f5504adf1f2e74e7658eec000e7732ebd5f622b6b1d520187277a5e8310787906455d02fcf915f35c5c48e54c997bed1a60b95355db8f2ccab
  languageName: node
  linkType: hard

"busboy@npm:^0.3.1":
  version: 0.3.1
  resolution: "busboy@npm:0.3.1"
  dependencies:
    dicer: 0.3.0
  checksum: acc5c3d2f806c1f43a7a9a342bb4aaaa1223bac81cf3ba35ae3cc999f4e3a2e1b6db2d3895a228a862efbbc7b6fb39a7252e830bb5943e1b4362caa221c868ea
  languageName: node
  linkType: hard

"call-bind@npm:^1.0.0, call-bind@npm:^1.0.2":
  version: 1.0.2
  resolution: "call-bind@npm:1.0.2"
  dependencies:
    function-bind: ^1.1.1
    get-intrinsic: ^1.0.2
  checksum: 18cc6107a1f028247f2b505dae73ad1c63b737addfcd43ff75159f072c5c827300c1fb66f26ee0ec70fc2fdd005ce68d65c05a2a34b74bab08c3b1921954ada9
  languageName: node
  linkType: hard

"commander@npm:^2.20.3":
  version: 2.20.3
  resolution: "commander@npm:2.20.3"
  checksum: b73428e97de7624323f81ba13f8ed9271de487017432d18b4da3f07cfc528ad754bbd199004bd5d14e0ccd67d1fdfe0ec8dbbd4c438b401df3c4cc387bfd1daa
  languageName: node
  linkType: hard

"core-js-pure@npm:^3.10.2":
  version: 3.15.0
  resolution: "core-js-pure@npm:3.15.0"
  checksum: 1577eb8b88b1a61574c2a99ca6d7919e542d18514ab95f866bb2f0461f0832f082b13bd9b79ba6874ad7f8ae8ca2a4a1b30396ecd3763db57572b4293ea73370
  languageName: node
  linkType: hard

"cssfilter@npm:0.0.10":
  version: 0.0.10
  resolution: "cssfilter@npm:0.0.10"
  checksum: 0a5cdc209e35ff0db9b0271846162ad9c0fdd7e612b217b88cfe6f1da5428b156369f17bab7f5f32f9d49b66daec912c188ef836735f499d87cafd824f3e9308
  languageName: node
  linkType: hard

"define-properties@npm:^1.1.3":
  version: 1.1.3
  resolution: "define-properties@npm:1.1.3"
  dependencies:
    object-keys: ^1.0.12
  checksum: b69c48c1b1dacb61f0b1cea367707c3bb214e3c47818aff18e6f20a7f88cbfa33d4cbdfd9ff79e56faba95ddca3d78ff10fbf2f02ecfad6f3e13b256e76b1212
  languageName: node
  linkType: hard

"depd@npm:~1.1.2":
  version: 1.1.2
  resolution: "depd@npm:1.1.2"
  checksum: f45566ff7019a346852f095768a380778ed544de24e103b479fd5d3e61982d670efbb5234c09d0588d7fdb09c26c48283d7150e4be5e6ce5d3d37cd268d75c4d
  languageName: node
  linkType: hard

"deprecated-decorator@npm:^0.1.6":
  version: 0.1.6
  resolution: "deprecated-decorator@npm:0.1.6"
  checksum: 35a358b89b0ca582266b5a2ce73e088658af576508463f1f608f0e7e08bf2fe3395651209a2d431d2c6901ebfafc483bc7318b8bb82d3b3585fcbd6e6c3d65de
  languageName: node
  linkType: hard

"dicer@npm:0.3.0":
  version: 0.3.0
  resolution: "dicer@npm:0.3.0"
  dependencies:
    streamsearch: 0.1.2
  checksum: eb06a8c283287da1f0034cde3f2bafe8bbd70636d4c9b12783f36d919c88533d6d285e044197853e03c1a2ea5d68f8ebcf59d366bd873a4a91e5d370e9871ad7
  languageName: node
  linkType: hard

"es-abstract@npm:^1.18.0-next.2":
  version: 1.18.3
  resolution: "es-abstract@npm:1.18.3"
  dependencies:
    call-bind: ^1.0.2
    es-to-primitive: ^1.2.1
    function-bind: ^1.1.1
    get-intrinsic: ^1.1.1
    has: ^1.0.3
    has-symbols: ^1.0.2
    is-callable: ^1.2.3
    is-negative-zero: ^2.0.1
    is-regex: ^1.1.3
    is-string: ^1.0.6
    object-inspect: ^1.10.3
    object-keys: ^1.1.1
    object.assign: ^4.1.2
    string.prototype.trimend: ^1.0.4
    string.prototype.trimstart: ^1.0.4
    unbox-primitive: ^1.0.1
  checksum: 85cd62cabad4714e945e1ed8ed1c5086237daa544448b1562765857dbe33f3415f56e53b03552ea4599f8e836f7e6ecd4ce70560b23a534f78f77780565d6985
  languageName: node
  linkType: hard

"es-to-primitive@npm:^1.2.1":
  version: 1.2.1
  resolution: "es-to-primitive@npm:1.2.1"
  dependencies:
    is-callable: ^1.1.4
    is-date-object: ^1.0.1
    is-symbol: ^1.0.2
  checksum: d20b7be268b84662469972ec7265a57d4d6a65b9bf2b73f040d75e14f9f6dbe266a1a88579162e11349f9cb70eaa17640efb515c90dab19745a904b680b14be3
  languageName: node
  linkType: hard

"eventemitter3@npm:^3.1.0":
  version: 3.1.2
  resolution: "eventemitter3@npm:3.1.2"
  checksum: fa1a206c4e4e8e427542f7fdfa10bd073a4ddf2510fb22e2f9a33b9aa7a0d5669bffba9b889e22d8c1c976af51a92dab274845e58d626ddb2d3563ed4d5d50dc
  languageName: node
  linkType: hard

"fast-json-stable-stringify@npm:^2.0.0":
  version: 2.1.0
  resolution: "fast-json-stable-stringify@npm:2.1.0"
  checksum: 7df3fabfe445d65953b2d9d9d3958bd895438b215a40fb87dae8b2165c5169a897785eb5d51e6cf0eb03523af756e3d82ea01083f6ac6341fe16db532fee3016
  languageName: node
  linkType: hard

"for-each@npm:^0.3.3":
  version: 0.3.3
  resolution: "for-each@npm:0.3.3"
  dependencies:
    is-callable: ^1.1.3
  checksum: 691c38d0e525c3e7e5d00b155bbe0021ee8b6ff22f225b1ec2fcabc8fd969ea24c1d2ca3a57c7ddebda304355127ac23e741f801591d1eb9b49b810da47794dc
  languageName: node
  linkType: hard

"fs-capacitor@npm:^2.0.4":
  version: 2.0.4
  resolution: "fs-capacitor@npm:2.0.4"
  checksum: 08b70847be568de2c91e54690e733df7bd8599e6fca4ee56f9872a04f0bbf5367bccbe1fc2c8140f891e87c6108a41f874b9b7a4f3d32bc694b3f396ec6d652b
  languageName: node
  linkType: hard

"function-bind@npm:^1.1.1":
  version: 1.1.1
  resolution: "function-bind@npm:1.1.1"
  checksum: ffad86e7d2010ba179aaa6a3987d2cc0ed48fa92d27f1ed84bfa06d14f77deeed5bfbae7f00bdebc0c54218392cab2b18ecc080e2c72f592431927b87a27d42b
  languageName: node
  linkType: hard

"get-intrinsic@npm:^1.0.2, get-intrinsic@npm:^1.1.1":
  version: 1.1.1
  resolution: "get-intrinsic@npm:1.1.1"
  dependencies:
    function-bind: ^1.1.1
    has: ^1.0.3
    has-symbols: ^1.0.1
  checksum: acf1506f25a32a194cfc5c19d33835756080d970eb6e29a8a3852380106df981acef7bb9ac2002689437235221f24bcbdc1e3532b9bcacd7ff3621091fafe607
  languageName: node
  linkType: hard

"graphql-extensions@npm:^0.15.0":
  version: 0.15.0
  resolution: "graphql-extensions@npm:0.15.0"
  dependencies:
    "@apollographql/apollo-tools": ^0.5.0
    apollo-server-env: ^3.1.0
    apollo-server-types: ^0.9.0
  peerDependencies:
    graphql: ^0.12.0 || ^0.13.0 || ^14.0.0 || ^15.0.0
  checksum: 95b771a2f88a2d8d5083e849842a57e9ddcd5f74c19e9cf13173cec1f2a2f27d6b382b4361d774473d8601e76db0dfadc87cfd0cf51545922a2fcd93e8b86f54
  languageName: node
  linkType: hard

"graphql-tag@npm:^2.11.0":
  version: 2.12.4
  resolution: "graphql-tag@npm:2.12.4"
  dependencies:
    tslib: ^2.1.0
  peerDependencies:
    graphql: ^0.9.0 || ^0.10.0 || ^0.11.0 || ^0.12.0 || ^0.13.0 || ^14.0.0 || ^15.0.0
  checksum: 01623ede3509a46becd80cdcff81b63248f3bc5dc44b4e7df54730b5c77101c5b44d49ed7d1fbb83a5de0ad21fda59fca33f0f2d9ea5c0d95884aba6d15aeab9
  languageName: node
  linkType: hard

"graphql-tools@npm:^4.0.8":
  version: 4.0.8
  resolution: "graphql-tools@npm:4.0.8"
  dependencies:
    apollo-link: ^1.2.14
    apollo-utilities: ^1.0.1
    deprecated-decorator: ^0.1.6
    iterall: ^1.1.3
    uuid: ^3.1.0
  peerDependencies:
    graphql: ^0.13.0 || ^14.0.0 || ^15.0.0
  checksum: 93f62ea9b1d66c5a9a5b43ef510be462b4d64e0e469e9d49b42f9b1343a445902096170f6c58b35988495ae628fd456666254cb2cbf14ea2814bb053c9c84057
  languageName: node
  linkType: hard

"has-bigints@npm:^1.0.1":
  version: 1.0.1
  resolution: "has-bigints@npm:1.0.1"
  checksum: 1074b644f5f2c319fc31af00fe2f81b6e21e204bb46da70ff7b970fe65c56f504e697fe6b41823ba679bd4111840482a83327d3432b8d670a684da4087ed074b
  languageName: node
  linkType: hard

"has-symbols@npm:^1.0.1, has-symbols@npm:^1.0.2":
  version: 1.0.2
  resolution: "has-symbols@npm:1.0.2"
  checksum: 1b73928752fa9ca993fa48f7b3832c95ea408c0ec635b2d6cbaf011b94a7e6a704a9254ae6d8ecc913d4dd92f2ff760dc43aad7c7e790ddb3f627005614d8e28
  languageName: node
  linkType: hard

"has@npm:^1.0.3":
  version: 1.0.3
  resolution: "has@npm:1.0.3"
  dependencies:
    function-bind: ^1.1.1
  checksum: c686e15300d41364486c099a9259d9c418022c294244843dcd712c4c286ff839d4f23a25413baa28c4d2c1e828afc2aaab70f685400b391533980223c71fa1ca
  languageName: node
  linkType: hard

"http-errors@npm:^1.7.3":
  version: 1.8.0
  resolution: "http-errors@npm:1.8.0"
  dependencies:
    depd: ~1.1.2
    inherits: 2.0.4
    setprototypeof: 1.2.0
    statuses: ">= 1.5.0 < 2"
    toidentifier: 1.0.0
  checksum: 95ad78508b2929923dac83edd7ce513db87c4214df83a6664559810566da73d9a6892ffdcd76738d9ab9d33172b4c7e304436a4031d471569a7344396fea0ecb
  languageName: node
  linkType: hard

"inherits@npm:2.0.4, inherits@npm:^2.0.1":
  version: 2.0.4
  resolution: "inherits@npm:2.0.4"
  checksum: 98426da247ddfc3dcd7d7daedd90c3ca32d5b08deca08949726f12d49232aef94772a07b36cf4ff833e105ae2ef931777f6de4a6dd8245a216b9299ad4a50bea
  languageName: node
  linkType: hard

"is-bigint@npm:^1.0.1":
  version: 1.0.2
  resolution: "is-bigint@npm:1.0.2"
  checksum: 818680e551dc0a33ed8662b869cd3cb3236f6b94994850c1701200816cf9ad7e82a24fb4efbfc7046f167cd6429a71ba3672c73a7507093164c6ee9123bf30a9
  languageName: node
  linkType: hard

"is-boolean-object@npm:^1.1.0":
  version: 1.1.1
  resolution: "is-boolean-object@npm:1.1.1"
  dependencies:
    call-bind: ^1.0.2
  checksum: 9a45d29418f5cc7ff5ddf8eebf4a7d6bd2b3be730000e42d339029658db40e9e0ecafb1397588f6f5f17728ea9b7a8959b5d2ee000db5d95ff126c8b54218391
  languageName: node
  linkType: hard

"is-callable@npm:^1.1.3, is-callable@npm:^1.1.4, is-callable@npm:^1.2.3":
  version: 1.2.3
  resolution: "is-callable@npm:1.2.3"
  checksum: 8180a1c4e227e204e199ff355c4f24a80f74536898e16716583aa6a09167f2cceecc188cea750a2f3ae3b163577691595ae8d22bf7bb94b4bbb9fbdfea1bc5c3
  languageName: node
  linkType: hard

"is-date-object@npm:^1.0.1":
  version: 1.0.4
  resolution: "is-date-object@npm:1.0.4"
  checksum: f159a5cff60f657792a9677892b87d0802ac95e15cf26e7bba7f36064e8ffde41c8ac73921629ad976f14a8c0e2fe785818ef67172b906be0300919d4d4ea553
  languageName: node
  linkType: hard

"is-negative-zero@npm:^2.0.1":
  version: 2.0.1
  resolution: "is-negative-zero@npm:2.0.1"
  checksum: e2160af9a6fad7027bbd513e1efe9a99c780bb6af688e61e6b71084b5893f976241ca081e1ed8c18222d391ea3c1c0771cd23ab322be107150b66faf03d6ecbd
  languageName: node
  linkType: hard

"is-number-object@npm:^1.0.4":
  version: 1.0.5
  resolution: "is-number-object@npm:1.0.5"
  checksum: 2725b594081cb159766a8fca6af2dab65da601caf656a1be1baf6c100ad614cae2fa1a6c7c1dfc90ad8e78cf668d2761f9efaeac5dd7ab7ecd5d648e7d240399
  languageName: node
  linkType: hard

"is-regex@npm:^1.1.3":
  version: 1.1.3
  resolution: "is-regex@npm:1.1.3"
  dependencies:
    call-bind: ^1.0.2
    has-symbols: ^1.0.2
  checksum: 1beb14b9f8df6e302c6ba0cafdea4a393fd58b93cd66b4ef3017b74f72683c50f7a82d08c86e20e5b555a2a6a5e5b681e62eb4e4b49e62986da01ffd073d19eb
  languageName: node
  linkType: hard

"is-string@npm:^1.0.5, is-string@npm:^1.0.6":
  version: 1.0.6
  resolution: "is-string@npm:1.0.6"
  checksum: 5eb4860eafb9bfd4d9adf56bd530ca0e0cabade776df1e9394e5ca9376bdd6fa0a99879c2b0c3a517076fa31ac739821c2956be6d30ee1458f50ca24a4962478
  languageName: node
  linkType: hard

"is-symbol@npm:^1.0.2, is-symbol@npm:^1.0.3":
  version: 1.0.4
  resolution: "is-symbol@npm:1.0.4"
  dependencies:
    has-symbols: ^1.0.2
  checksum: 2794e0b9c3d6ca760b2f46c0132917746ce95fe034556e0e4da341e59f6171c9b733d2f0942475ecdee2e5b6d80a6e021eba200076fefcc79348ac48d56ad4b5
  languageName: node
  linkType: hard

"iterall@npm:^1.1.3, iterall@npm:^1.2.1":
  version: 1.3.0
  resolution: "iterall@npm:1.3.0"
  checksum: 25ae2d07cf97fc35d43fa7af814839689416b83d3ade0fec97a62c58b7b9fad5ff89dd0ede99f2d67cae2697ffa6987f0ab10876f40ae6466e802609a05b1006
  languageName: node
  linkType: hard

"lodash.sortby@npm:^4.7.0":
  version: 4.7.0
  resolution: "lodash.sortby@npm:4.7.0"
  checksum: 43cde11276c66da7b3eda5e9f00dc6edc276d2bcf0a5969ffc62b612cd1c4baf2eff5e84cee11383005722c460a9ca0f521fad4fa1cd2dc1ef013ee4da2dfe63
  languageName: node
  linkType: hard

"loglevel@npm:^1.6.7":
  version: 1.7.1
  resolution: "loglevel@npm:1.7.1"
  checksum: abee97e346afb3c7e4130eff3025b4e8da1450cf92495bd12f3cc5faff46d6f658f73529c21e7d75634677f48ab1e14ceb5167d1952f53e8aceba5cb795029c2
  languageName: node
  linkType: hard

"long@npm:^4.0.0":
  version: 4.0.0
  resolution: "long@npm:4.0.0"
  checksum: 9cebc1ee8b9ea15278c977f61250ac41becdf7216104905f0d198c147ed2a7a090a2d83bb212878d3dc3ccb0199e6428862f848ec4b0ecfeab4dfe24eccf21b3
  languageName: node
  linkType: hard

"lru-cache@npm:^6.0.0":
  version: 6.0.0
  resolution: "lru-cache@npm:6.0.0"
  dependencies:
    yallist: ^4.0.0
  checksum: b8b78353d2391c0f135cdc245c4744ad41c2efb1a6d98f31bc57a2cf48ebf02de96e4876657c3026673576bf1f1f61fc3fdd77ab00ad1ead737537bf17d8019d
  languageName: node
  linkType: hard

"node-fetch@npm:^2.6.1":
  version: 2.6.1
  resolution: "node-fetch@npm:2.6.1"
  checksum: cbb171635e538162b977eac5dfe7a1e07a9a02e991924377a6435502291e2f823d306b95aabc455caebf4a118ccf836868462bc70ccc3095af02bb9da61fda37
  languageName: node
  linkType: hard

"object-inspect@npm:^1.10.3":
  version: 1.10.3
  resolution: "object-inspect@npm:1.10.3"
  checksum: f5d21d86dbedf7224f5e2bee8235beb1e94a419443102ae0d6c17603ace26b930de584ece5695ae6c338ec996656477d5ca425b1f8770b4aa3340aa3d188aa9a
  languageName: node
  linkType: hard

"object-keys@npm:^1.0.12, object-keys@npm:^1.1.1":
  version: 1.1.1
  resolution: "object-keys@npm:1.1.1"
  checksum: 30d72d768b7f3f42144cee517b80e70c40cf39bb76f100557ffac42779613c591780135c54d8133894a78d2c0ae817e24a5891484722c6019a5cd5b58c745c66
  languageName: node
  linkType: hard

"object-path@npm:^0.11.4":
  version: 0.11.5
  resolution: "object-path@npm:0.11.5"
  checksum: a2be57f65eb247161763280e857ddbafcfbb41ad7cfcfb0a78aca2e8adb990a7b5afe6b182c20baf0e218e541ec75c1807fd04d50e3049920c2ec65e6eb9c900
  languageName: node
  linkType: hard

"object.assign@npm:^4.1.2":
  version: 4.1.2
  resolution: "object.assign@npm:4.1.2"
  dependencies:
    call-bind: ^1.0.0
    define-properties: ^1.1.3
    has-symbols: ^1.0.1
    object-keys: ^1.1.1
  checksum: a5855cc6db3f64606c41ceb97cb9847e667d8240889d771d65638244be1d35c2e2ccb5762f437bb76abf4e98ab4634a9d302380398121cee288a44dce5028f54
  languageName: node
  linkType: hard

"object.getownpropertydescriptors@npm:^2.1.1":
  version: 2.1.2
  resolution: "object.getownpropertydescriptors@npm:2.1.2"
  dependencies:
    call-bind: ^1.0.2
    define-properties: ^1.1.3
    es-abstract: ^1.18.0-next.2
  checksum: 56087f3cbe5745c3e2933e3f27fd2b10f81f72ac6c8e187544e822f086ed6abc650c0f4388028c4889848af75a14f4ee2016bf9cff455173f66bf2997d973802
  languageName: node
  linkType: hard

"renovate-ws-types@workspace:.":
  version: 0.0.0-use.local
  resolution: "renovate-ws-types@workspace:."
  dependencies:
    "@types/ws": 7.4.4
    apollo-server-core: ^2.25.1
  languageName: unknown
  linkType: soft

"retry@npm:0.12.0":
  version: 0.12.0
  resolution: "retry@npm:0.12.0"
  checksum: 51f2fddddb2f157a0738c53c515682813a881df566da36992f3cf0a975ea84a19434c5abbc682056e97351540bcc7ea38fce2622d0b191c3b5cc1020b71ea0f2
  languageName: node
  linkType: hard

"safe-buffer@npm:^5.0.1":
  version: 5.2.1
  resolution: "safe-buffer@npm:5.2.1"
  checksum: 0bb57f0d8f9d1fa4fe35ad8a2db1f83a027d48f2822d59ede88fd5cd4ddad83c0b497213feb7a70fbf90597a70c5217f735b0eb1850df40ce9b4ae81dd22b3f9
  languageName: node
  linkType: hard

"setprototypeof@npm:1.2.0":
  version: 1.2.0
  resolution: "setprototypeof@npm:1.2.0"
  checksum: 72691439857719aa33ec11ebc97960347f0f96e75c2fe65d0f2ca5c9c44fb1aa026e2ae528959624ed3ae3820fe06bfb1aded306402c5c941afd3dfdf47f79d0
  languageName: node
  linkType: hard

"sha.js@npm:^2.4.11":
  version: 2.4.11
  resolution: "sha.js@npm:2.4.11"
  dependencies:
    inherits: ^2.0.1
    safe-buffer: ^5.0.1
  bin:
    sha.js: ./bin.js
  checksum: 7554240ab76e683f7115123eb4815aae16b5fc6f2cdff97009831ad5b17b107ffcef022526211f7306957bce7a67fa4d0ccad79a3040c5073414365595e90516
  languageName: node
  linkType: hard

"statuses@npm:>= 1.5.0 < 2":
  version: 1.5.0
  resolution: "statuses@npm:1.5.0"
  checksum: 57735269bf231176a60deb80f6d60214cb4a87663b0937e79497afe9aebe2597f8377fd28893f4d1776205f18dd0b927774a26b72051411ac5108e9e2dfc77d2
  languageName: node
  linkType: hard

"streamsearch@npm:0.1.2":
  version: 0.1.2
  resolution: "streamsearch@npm:0.1.2"
  checksum: f72befba95082d49be19cd4318112bc141f6cd7cbb201ee8079887f6f3cbcdf79c311977ce0eaa93d7d8c3e6b9727412f6177a87ced5b98d0fd4075723ad8eaf
  languageName: node
  linkType: hard

"string.prototype.trimend@npm:^1.0.4":
  version: 1.0.4
  resolution: "string.prototype.trimend@npm:1.0.4"
  dependencies:
    call-bind: ^1.0.2
    define-properties: ^1.1.3
  checksum: ea8793bee1104362587e6a0fab2cb48e76548423d8ac95847284f9f6ef6a11338cf47114e8ec1c2a9519cce55cfa8d19fc8e26413937c3e804a768ec43ebe38e
  languageName: node
  linkType: hard

"string.prototype.trimstart@npm:^1.0.4":
  version: 1.0.4
  resolution: "string.prototype.trimstart@npm:1.0.4"
  dependencies:
    call-bind: ^1.0.2
    define-properties: ^1.1.3
  checksum: dd2c994af9b9194c7ce9d94e30b8f8bbe30ec95ada94534a71d63df2964a200c8d2264378252a5047a5f1cf805e8216911d78d16b22d5db7b0abcdbbb2d24b4a
  languageName: node
  linkType: hard

"subscriptions-transport-ws@npm:^0.9.19":
  version: 0.9.19
  resolution: "subscriptions-transport-ws@npm:0.9.19"
  dependencies:
    backo2: ^1.0.2
    eventemitter3: ^3.1.0
    iterall: ^1.2.1
    symbol-observable: ^1.0.4
    ws: ^5.2.0 || ^6.0.0 || ^7.0.0
  peerDependencies:
    graphql: ">=0.10.0"
  checksum: d305b2d9db46070edcbadca257df725d241253141d1a1ff019b47ba0f650678b4419e598bdda410d49913ffc2eb76695f4ae8e9cbf8b8cd124f057143a9250b7
  languageName: node
  linkType: hard

"symbol-observable@npm:^1.0.4":
  version: 1.2.0
  resolution: "symbol-observable@npm:1.2.0"
  checksum: 268834a1d4cba19d40f367e5c2755f612969c8418e43a3be17408e392802a667f8bb542893440d58a080a8ea8da05ea98e27e472b9f4ff6fbda78a21a1a41c53
  languageName: node
  linkType: hard

"toidentifier@npm:1.0.0":
  version: 1.0.0
  resolution: "toidentifier@npm:1.0.0"
  checksum: 95720e8a0f98f1525f50ccbecbc2a23f0a1b4e448de03819dbbeda03adf0d2010fe64525fbc9d549765242550d341bb891672e4ac0b2cac58613cdd742324255
  languageName: node
  linkType: hard

"ts-invariant@npm:^0.4.0":
  version: 0.4.4
  resolution: "ts-invariant@npm:0.4.4"
  dependencies:
    tslib: ^1.9.3
  checksum: 0280fb0e853db923605d84d83a7587342b2fcf718af5eac858cc461fcaa95837543de5f6d0a9afd8caf84faa01ffcc2a21cf71f5f51894d3e854b8a9504786bc
  languageName: node
  linkType: hard

"tslib@npm:^1.10.0, tslib@npm:^1.9.3":
  version: 1.14.1
  resolution: "tslib@npm:1.14.1"
  checksum: f44fe7f216946b17d3e3074df3746372703cf24e9127b4c045511456e8e4bf25515fb0a1bb3937676cc305651c5d4fcb6377b0588a4c6a957e748c4c28905d17
  languageName: node
  linkType: hard

"tslib@npm:^2.1.0":
  version: 2.3.0
  resolution: "tslib@npm:2.3.0"
  checksum: 7b4fc9feff0f704743c3760f5d8d708f6417fac6458159e63df3a6b1100f0736e3b99edb9fe370f274ad15160a1f49ff05cb49402534c818ff552c48e38c3e6e
  languageName: node
  linkType: hard

"unbox-primitive@npm:^1.0.1":
  version: 1.0.1
  resolution: "unbox-primitive@npm:1.0.1"
  dependencies:
    function-bind: ^1.1.1
    has-bigints: ^1.0.1
    has-symbols: ^1.0.2
    which-boxed-primitive: ^1.0.2
  checksum: aa944f1ecfec638b841b331383d0b80edc40855271ecc213c1aa736096d8d0b39ba25b64d102f56c597521db9cd3f0ddbcb97a0f760c240ab584e94e457518c1
  languageName: node
  linkType: hard

"util.promisify@npm:^1.0.0":
  version: 1.1.1
  resolution: "util.promisify@npm:1.1.1"
  dependencies:
    call-bind: ^1.0.0
    define-properties: ^1.1.3
    for-each: ^0.3.3
    has-symbols: ^1.0.1
    object.getownpropertydescriptors: ^2.1.1
  checksum: 5a6c33c88de7cea4fa313fc31f6d594d41fd75dbd27ced41f87763fd7972c4b618feb5478ce47fed6ff2d681b1157eeae966b22e290c4834714d526280408304
  languageName: node
  linkType: hard

"uuid@npm:^3.1.0":
  version: 3.4.0
  resolution: "uuid@npm:3.4.0"
  bin:
    uuid: ./bin/uuid
  checksum: 1ce3f37e214d6d0dc94a6a9663a0365013ace66bc3fd5b203e6f5d2eeb978aaee1192367222386345d30b4c6a447928c501121aa84c637724bf105ef57284949
  languageName: node
  linkType: hard

"uuid@npm:^8.0.0":
  version: 8.3.2
  resolution: "uuid@npm:8.3.2"
  bin:
    uuid: dist/bin/uuid
  checksum: aed2bcef341f95635f308fea8831fb9038b18c485fe7e71feb89d2e05602dfecad0cb6f2246fae096d4da425cca6e8a71056f28abd97ad98cf770a2018853248
  languageName: node
  linkType: hard

"which-boxed-primitive@npm:^1.0.2":
  version: 1.0.2
  resolution: "which-boxed-primitive@npm:1.0.2"
  dependencies:
    is-bigint: ^1.0.1
    is-boolean-object: ^1.1.0
    is-number-object: ^1.0.4
    is-string: ^1.0.5
    is-symbol: ^1.0.3
  checksum: 771ef43357afbba9febf2da4867b2971ada0a5126227f9b7926751525e3721f7f5f3722f8c60af67881714d9a82a98ed686f1768490cfb2cd40518df5f2e056e
  languageName: node
  linkType: hard

"ws@npm:^5.2.0 || ^6.0.0 || ^7.0.0":
  version: 7.5.0
  resolution: "ws@npm:7.5.0"
  peerDependencies:
    bufferutil: ^4.0.1
    utf-8-validate: ^5.0.2
  peerDependenciesMeta:
    bufferutil:
      optional: true
    utf-8-validate:
      optional: true
  checksum: f9ac36310e795995f13ac7abff9c3b104b2460864de7f0b6233d285f62c6929529e24f386ff87740c3646f818fefa014be587371aa9a5a6fffae2cd9d1e9e008
  languageName: node
  linkType: hard

"xss@npm:^1.0.8":
  version: 1.0.9
  resolution: "xss@npm:1.0.9"
  dependencies:
    commander: ^2.20.3
    cssfilter: 0.0.10
  bin:
    xss: bin/xss
  checksum: 95544f369dd740199e054810ca6124caa6fc20d806708a6dade6ca2c3277072c78197439213c1d317c9906558bec5ce8241ea433e6a0410d6ea721b86452dcb2
  languageName: node
  linkType: hard

"yallist@npm:^4.0.0":
  version: 4.0.0
  resolution: "yallist@npm:4.0.0"
  checksum: a2960ef879af6ee67a76cae29bac9d8bffeb6e9e366c217dbd21464e7fce071933705544724f47e90ba5209cf9c83c17d5582dd04415d86747a826b2a231efb8
  languageName: node
  linkType: hard

"zen-observable-ts@npm:^0.8.21":
  version: 0.8.21
  resolution: "zen-observable-ts@npm:0.8.21"
  dependencies:
    tslib: ^1.9.3
    zen-observable: ^0.8.0
  checksum: 031ac9c2441a9b2d388417ab402e759fcb72e74c926ecd2500708da309c54e4ecad2c3d1ce85f039d30f670fca092facd21f3e25d6dba5c055504eb08012acb0
  languageName: node
  linkType: hard

"zen-observable@npm:^0.8.0":
  version: 0.8.15
  resolution: "zen-observable@npm:0.8.15"
  checksum: 7d155f8a75b9314f9f31e70a31edcd897b0e8a1313737502ab84a573e49d2c333b738e415c156334a6e910c363ce546b59fa7921eff61440285caa99c843df74
  languageName: node
  linkType: hard
